
Microsoft Visual Studio Solution File, Format Version 12.00
Project("{2150E333-8FDC-42A3-9474-1A3956D46DE8}") = "Domain", "Domain", "{B105C4BE-B5EB-41C1-BA5B-9927BC52A789}"
EndProject
Project("{2150E333-8FDC-42A3-9474-1A3956D46DE8}") = "Microservices", "Microservices", "{CB606EE7-43B7-4CEC-B159-8B2DD332AF24}"
EndProject
Project("{2150E333-8FDC-42A3-9474-1A3956D46DE8}") = "Infra.Bus", "Infra.Bus", "{4B08228F-E2DA-4F6E-A3C2-B81CBDE4D3B5}"
EndProject
Project("{2150E333-8FDC-42A3-9474-1A3956D46DE8}") = "Infra.IoC", "Infra.IoC", "{E98CB2C7-DCEF-4426-88F9-3608CE34A3A2}"
EndProject
Project("{FAE04EC0-301F-11D3-BF4B-00C04F79EFBC}") = "MicroRabbit.Domain.Core", "MicroRabbit.Domain.Core\MicroRabbit.Domain.Core.csproj", "{241F92B9-678A-4EE8-B8A3-52AF7661606D}"
EndProject
Project("{FAE04EC0-301F-11D3-BF4B-00C04F79EFBC}") = "MicroRabbit.Infra.Bus", "MicroRabbit.Infra.Bus\MicroRabbit.Infra.Bus.csproj", "{D388A265-CEE2-4A11-B311-2C0839D7DF97}"
EndProject
Project("{FAE04EC0-301F-11D3-BF4B-00C04F79EFBC}") = "RabbitMQ.Infra.IoC", "RabbitMQ.Infra.IoC\RabbitMQ.Infra.IoC.csproj", "{D79796DA-B709-4BE0-85FC-FEB67540DFDC}"
EndProject
Project("{2150E333-8FDC-42A3-9474-1A3956D46DE8}") = "Banking", "Banking", "{ED91B945-1FCB-4C24-9D72-3641040A7C59}"
EndProject
Project("{2150E333-8FDC-42A3-9474-1A3956D46DE8}") = "Api", "Api", "{63E31538-F7D7-4903-AC98-7449E4C417AF}"
EndProject
Project("{2150E333-8FDC-42A3-9474-1A3956D46DE8}") = "Application", "Application", "{BCBE05A7-F472-40FF-9AC1-E9C2A11FB5E6}"
EndProject
Project("{2150E333-8FDC-42A3-9474-1A3956D46DE8}") = "Domain", "Domain", "{D522D733-83B1-4BB6-8BC2-57DDC470F6FF}"
EndProject
Project("{2150E333-8FDC-42A3-9474-1A3956D46DE8}") = "Data", "Data", "{689F8F13-8B98-48ED-89B3-9322B57FC316}"
EndProject
Project("{FAE04EC0-301F-11D3-BF4B-00C04F79EFBC}") = "MicroRabbit.Banking.Api", "MicroRabbit.Banking.Api\MicroRabbit.Banking.Api.csproj", "{03EC41F8-AE1C-4372-B3EC-E5E34033DF25}"
EndProject
Project("{FAE04EC0-301F-11D3-BF4B-00C04F79EFBC}") = "MicroRabbit.Banking.Application", "MicroRabbit.Banking.Application\MicroRabbit.Banking.Application.csproj", "{6F419C42-A34B-4144-B6DC-B10BC5B7AFD2}"
EndProject
Project("{FAE04EC0-301F-11D3-BF4B-00C04F79EFBC}") = "MicroRabbit.Banking.Data", "MicroRabbit.Banking.Data\MicroRabbit.Banking.Data.csproj", "{6CDCBFDE-2F70-4DFB-BBD6-B0DC552E6082}"
EndProject
Project("{FAE04EC0-301F-11D3-BF4B-00C04F79EFBC}") = "MicroRabbit.Banking.Domain", "MicroRabbit.Banking.Domain\MicroRabbit.Banking.Domain.csproj", "{0CDABD15-C238-4797-BC58-DF2BAC83D1AF}"
EndProject
Project("{2150E333-8FDC-42A3-9474-1A3956D46DE8}") = "Transfer", "Transfer", "{9A854D0E-D303-46C4-9714-00434F93201A}"
EndProject
Project("{2150E333-8FDC-42A3-9474-1A3956D46DE8}") = "Api", "Api", "{46810808-AE15-41FB-995B-4543058C16F4}"
EndProject
Project("{2150E333-8FDC-42A3-9474-1A3956D46DE8}") = "Application", "Application", "{EC9D18A3-5285-467E-9C79-2E7DA20B7985}"
EndProject
Project("{2150E333-8FDC-42A3-9474-1A3956D46DE8}") = "Data", "Data", "{F4D073BB-4B2B-426F-AD10-A5FA50A068E9}"
EndProject
Project("{2150E333-8FDC-42A3-9474-1A3956D46DE8}") = "Domain", "Domain", "{39ECC503-044C-458C-8843-E2DF54201199}"
EndProject
Project("{FAE04EC0-301F-11D3-BF4B-00C04F79EFBC}") = "MicroRabbit.Transfer.Api", "MicroRabbit.Transfer.Api\MicroRabbit.Transfer.Api.csproj", "{700935E7-9430-4D3C-A24C-18BE89117235}"
EndProject
Project("{FAE04EC0-301F-11D3-BF4B-00C04F79EFBC}") = "MicroRabbit.Transfer.Application", "MicroRabbit.Transfer.Application\MicroRabbit.Transfer.Application.csproj", "{DEB6B49D-AE32-46F9-9201-3B7CBCAED2BD}"
EndProject
Project("{FAE04EC0-301F-11D3-BF4B-00C04F79EFBC}") = "MicroRabbit.Transfer.Data", "MicroRabbit.Transfer.Data\MicroRabbit.Transfer.Data.csproj", "{3DB62C9F-C958-48D2-BAC9-DBE0448F17AF}"
EndProject
Project("{FAE04EC0-301F-11D3-BF4B-00C04F79EFBC}") = "MicroRabbit.Transfer.Domain", "MicroRabbit.Transfer.Domain\MicroRabbit.Transfer.Domain.csproj", "{865EB8E0-21E7-46C6-B817-38D2F55A1103}"
EndProject
Global
	GlobalSection(SolutionConfigurationPlatforms) = preSolution
		Debug|Any CPU = Debug|Any CPU
		Release|Any CPU = Release|Any CPU
	EndGlobalSection
	GlobalSection(NestedProjects) = preSolution
		{241F92B9-678A-4EE8-B8A3-52AF7661606D} = {B105C4BE-B5EB-41C1-BA5B-9927BC52A789}
		{D388A265-CEE2-4A11-B311-2C0839D7DF97} = {4B08228F-E2DA-4F6E-A3C2-B81CBDE4D3B5}
		{D79796DA-B709-4BE0-85FC-FEB67540DFDC} = {E98CB2C7-DCEF-4426-88F9-3608CE34A3A2}
		{ED91B945-1FCB-4C24-9D72-3641040A7C59} = {CB606EE7-43B7-4CEC-B159-8B2DD332AF24}
		{63E31538-F7D7-4903-AC98-7449E4C417AF} = {ED91B945-1FCB-4C24-9D72-3641040A7C59}
		{BCBE05A7-F472-40FF-9AC1-E9C2A11FB5E6} = {ED91B945-1FCB-4C24-9D72-3641040A7C59}
		{D522D733-83B1-4BB6-8BC2-57DDC470F6FF} = {ED91B945-1FCB-4C24-9D72-3641040A7C59}
		{689F8F13-8B98-48ED-89B3-9322B57FC316} = {ED91B945-1FCB-4C24-9D72-3641040A7C59}
		{03EC41F8-AE1C-4372-B3EC-E5E34033DF25} = {63E31538-F7D7-4903-AC98-7449E4C417AF}
		{6F419C42-A34B-4144-B6DC-B10BC5B7AFD2} = {BCBE05A7-F472-40FF-9AC1-E9C2A11FB5E6}
		{6CDCBFDE-2F70-4DFB-BBD6-B0DC552E6082} = {689F8F13-8B98-48ED-89B3-9322B57FC316}
		{0CDABD15-C238-4797-BC58-DF2BAC83D1AF} = {D522D733-83B1-4BB6-8BC2-57DDC470F6FF}
		{9A854D0E-D303-46C4-9714-00434F93201A} = {CB606EE7-43B7-4CEC-B159-8B2DD332AF24}
		{46810808-AE15-41FB-995B-4543058C16F4} = {9A854D0E-D303-46C4-9714-00434F93201A}
		{EC9D18A3-5285-467E-9C79-2E7DA20B7985} = {9A854D0E-D303-46C4-9714-00434F93201A}
		{F4D073BB-4B2B-426F-AD10-A5FA50A068E9} = {9A854D0E-D303-46C4-9714-00434F93201A}
		{39ECC503-044C-458C-8843-E2DF54201199} = {9A854D0E-D303-46C4-9714-00434F93201A}
		{700935E7-9430-4D3C-A24C-18BE89117235} = {46810808-AE15-41FB-995B-4543058C16F4}
		{DEB6B49D-AE32-46F9-9201-3B7CBCAED2BD} = {EC9D18A3-5285-467E-9C79-2E7DA20B7985}
		{3DB62C9F-C958-48D2-BAC9-DBE0448F17AF} = {F4D073BB-4B2B-426F-AD10-A5FA50A068E9}
		{865EB8E0-21E7-46C6-B817-38D2F55A1103} = {39ECC503-044C-458C-8843-E2DF54201199}
	EndGlobalSection
	GlobalSection(ProjectConfigurationPlatforms) = postSolution
		{241F92B9-678A-4EE8-B8A3-52AF7661606D}.Debug|Any CPU.ActiveCfg = Debug|Any CPU
		{241F92B9-678A-4EE8-B8A3-52AF7661606D}.Debug|Any CPU.Build.0 = Debug|Any CPU
		{241F92B9-678A-4EE8-B8A3-52AF7661606D}.Release|Any CPU.ActiveCfg = Release|Any CPU
		{241F92B9-678A-4EE8-B8A3-52AF7661606D}.Release|Any CPU.Build.0 = Release|Any CPU
		{D388A265-CEE2-4A11-B311-2C0839D7DF97}.Debug|Any CPU.ActiveCfg = Debug|Any CPU
		{D388A265-CEE2-4A11-B311-2C0839D7DF97}.Debug|Any CPU.Build.0 = Debug|Any CPU
		{D388A265-CEE2-4A11-B311-2C0839D7DF97}.Release|Any CPU.ActiveCfg = Release|Any CPU
		{D388A265-CEE2-4A11-B311-2C0839D7DF97}.Release|Any CPU.Build.0 = Release|Any CPU
		{D79796DA-B709-4BE0-85FC-FEB67540DFDC}.Debug|Any CPU.ActiveCfg = Debug|Any CPU
		{D79796DA-B709-4BE0-85FC-FEB67540DFDC}.Debug|Any CPU.Build.0 = Debug|Any CPU
		{D79796DA-B709-4BE0-85FC-FEB67540DFDC}.Release|Any CPU.ActiveCfg = Release|Any CPU
		{D79796DA-B709-4BE0-85FC-FEB67540DFDC}.Release|Any CPU.Build.0 = Release|Any CPU
		{03EC41F8-AE1C-4372-B3EC-E5E34033DF25}.Debug|Any CPU.ActiveCfg = Debug|Any CPU
		{03EC41F8-AE1C-4372-B3EC-E5E34033DF25}.Debug|Any CPU.Build.0 = Debug|Any CPU
		{03EC41F8-AE1C-4372-B3EC-E5E34033DF25}.Release|Any CPU.ActiveCfg = Release|Any CPU
		{03EC41F8-AE1C-4372-B3EC-E5E34033DF25}.Release|Any CPU.Build.0 = Release|Any CPU
		{6F419C42-A34B-4144-B6DC-B10BC5B7AFD2}.Debug|Any CPU.ActiveCfg = Debug|Any CPU
		{6F419C42-A34B-4144-B6DC-B10BC5B7AFD2}.Debug|Any CPU.Build.0 = Debug|Any CPU
		{6F419C42-A34B-4144-B6DC-B10BC5B7AFD2}.Release|Any CPU.ActiveCfg = Release|Any CPU
		{6F419C42-A34B-4144-B6DC-B10BC5B7AFD2}.Release|Any CPU.Build.0 = Release|Any CPU
		{6CDCBFDE-2F70-4DFB-BBD6-B0DC552E6082}.Debug|Any CPU.ActiveCfg = Debug|Any CPU
		{6CDCBFDE-2F70-4DFB-BBD6-B0DC552E6082}.Debug|Any CPU.Build.0 = Debug|Any CPU
		{6CDCBFDE-2F70-4DFB-BBD6-B0DC552E6082}.Release|Any CPU.ActiveCfg = Release|Any CPU
		{6CDCBFDE-2F70-4DFB-BBD6-B0DC552E6082}.Release|Any CPU.Build.0 = Release|Any CPU
		{0CDABD15-C238-4797-BC58-DF2BAC83D1AF}.Debug|Any CPU.ActiveCfg = Debug|Any CPU
		{0CDABD15-C238-4797-BC58-DF2BAC83D1AF}.Debug|Any CPU.Build.0 = Debug|Any CPU
		{0CDABD15-C238-4797-BC58-DF2BAC83D1AF}.Release|Any CPU.ActiveCfg = Release|Any CPU
		{0CDABD15-C238-4797-BC58-DF2BAC83D1AF}.Release|Any CPU.Build.0 = Release|Any CPU
		{700935E7-9430-4D3C-A24C-18BE89117235}.Debug|Any CPU.ActiveCfg = Debug|Any CPU
		{700935E7-9430-4D3C-A24C-18BE89117235}.Debug|Any CPU.Build.0 = Debug|Any CPU
		{700935E7-9430-4D3C-A24C-18BE89117235}.Release|Any CPU.ActiveCfg = Release|Any CPU
		{700935E7-9430-4D3C-A24C-18BE89117235}.Release|Any CPU.Build.0 = Release|Any CPU
		{DEB6B49D-AE32-46F9-9201-3B7CBCAED2BD}.Debug|Any CPU.ActiveCfg = Debug|Any CPU
		{DEB6B49D-AE32-46F9-9201-3B7CBCAED2BD}.Debug|Any CPU.Build.0 = Debug|Any CPU
		{DEB6B49D-AE32-46F9-9201-3B7CBCAED2BD}.Release|Any CPU.ActiveCfg = Release|Any CPU
		{DEB6B49D-AE32-46F9-9201-3B7CBCAED2BD}.Release|Any CPU.Build.0 = Release|Any CPU
		{3DB62C9F-C958-48D2-BAC9-DBE0448F17AF}.Debug|Any CPU.ActiveCfg = Debug|Any CPU
		{3DB62C9F-C958-48D2-BAC9-DBE0448F17AF}.Debug|Any CPU.Build.0 = Debug|Any CPU
		{3DB62C9F-C958-48D2-BAC9-DBE0448F17AF}.Release|Any CPU.ActiveCfg = Release|Any CPU
		{3DB62C9F-C958-48D2-BAC9-DBE0448F17AF}.Release|Any CPU.Build.0 = Release|Any CPU
		{865EB8E0-21E7-46C6-B817-38D2F55A1103}.Debug|Any CPU.ActiveCfg = Debug|Any CPU
		{865EB8E0-21E7-46C6-B817-38D2F55A1103}.Debug|Any CPU.Build.0 = Debug|Any CPU
		{865EB8E0-21E7-46C6-B817-38D2F55A1103}.Release|Any CPU.ActiveCfg = Release|Any CPU
		{865EB8E0-21E7-46C6-B817-38D2F55A1103}.Release|Any CPU.Build.0 = Release|Any CPU
	EndGlobalSection
EndGlobal
